{
  "name": "neotock",
  "version": "1.0.0",
  "lockfileVersion": 3,
  "requires": true,
  "packages": {
    "": {
      "name": "neotock",
      "version": "1.0.0",
      "license": "Apache-2.0",
      "dependencies": {
        "blessed": "^0.1.81"
      },
      "devDependencies": {
        "@types/blessed": "^0.1.22",
        "typescript": "^5.1.6"
      }
    },
    "node_modules/@types/blessed": {
      "version": "0.1.22",
      "resolved": "https://registry.npmjs.org/@types/blessed/-/blessed-0.1.22.tgz",
      "integrity": "sha512-BsCmBwdn2ELV94FvMXGX1L1UIF/KO7kZvd1PKRbNG9lgiVYoyzcg8Y77S8VeWxX3zS8PUMIdZy1cWpSdvaOx9Q==",
      "dev": true,
      "dependencies": {
        "@types/node": "*"
      }
    },
    "node_modules/@types/node": {
      "version": "20.4.1",
      "resolved": "https://registry.npmjs.org/@types/node/-/node-20.4.1.tgz",
      "integrity": "sha512-JIzsAvJeA/5iY6Y/OxZbv1lUcc8dNSE77lb2gnBH+/PJ3lFR1Ccvgwl5JWnHAkNHcRsT0TbpVOsiMKZ1F/yyJg==",
      "dev": true
    },
    "node_modules/blessed": {
      "version": "0.1.81",
      "resolved": "https://registry.npmjs.org/blessed/-/blessed-0.1.81.tgz",
      "integrity": "sha512-LoF5gae+hlmfORcG1M5+5XZi4LBmvlXTzwJWzUlPryN/SJdSflZvROM2TwkT0GMpq7oqT48NRd4GS7BiVBc5OQ==",
      "bin": {
        "blessed": "bin/tput.js"
      },
      "engines": {
        "node": ">= 0.8.0"
      }
    },
    "node_modules/typescript": {
      "version": "5.1.6",
      "resolved": "https://registry.npmjs.org/typescript/-/typescript-5.1.6.tgz",
      "integrity": "sha512-zaWCozRZ6DLEWAWFrVDz1H6FVXzUSfTy5FUMWsQlU8Ym5JP9eO4xkTIROFCQvhQf61z6O/G6ugw3SgAnvvm+HA==",
      "dev": true,
      "bin": {
        "tsc": "bin/tsc",
        "tsserver": "bin/tsserver"
      },
      "engines": {
        "node": ">=14.17"
      }
    }
  }
}
